
Microsoft Visual Studio Solution File, Format Version 12.00
# Visual Studio Version 17
VisualStudioVersion = 17.3.32901.215
MinimumVisualStudioVersion = 10.0.40219.1
Project("{FAE04EC0-301F-11D3-BF4B-00C04F79EFBC}") = "LineComparision", "LineComparision.csproj", "{5BBBE9CF-CD78-432A-97F5-D5D819EA2218}"
EndProject
Global
	GlobalSection(SolutionConfigurationPlatforms) = preSolution
		Debug|Any CPU = Debug|Any CPU
		Release|Any CPU = Release|Any CPU
	EndGlobalSection
	GlobalSection(ProjectConfigurationPlatforms) = postSolution
		{5BBBE9CF-CD78-432A-97F5-D5D819EA2218}.Debug|Any CPU.ActiveCfg = Debug|Any CPU
		{5BBBE9CF-CD78-432A-97F5-D5D819EA2218}.Debug|Any CPU.Build.0 = Debug|Any CPU
		{5BBBE9CF-CD78-432A-97F5-D5D819EA2218}.Release|Any CPU.ActiveCfg = Release|Any CPU
		{5BBBE9CF-CD78-432A-97F5-D5D819EA2218}.Release|Any CPU.Build.0 = Release|Any CPU
	EndGlobalSection
	GlobalSection(SolutionProperties) = preSolution
		HideSolutionNode = FALSE
	EndGlobalSection
	GlobalSection(ExtensibilityGlobals) = postSolution
		SolutionGuid = {637D30DE-08AE-4E41-92AA-FD19480B3FD5}
	EndGlobalSection
EndGlobal
